
Microsoft Visual Studio Solution File, Format Version 12.00
# Visual Studio Version 16
VisualStudioVersion = 16.0.29613.14
MinimumVisualStudioVersion = 10.0.40219.1
Project("{FAE04EC0-301F-11D3-BF4B-00C04F79EFBC}") = "myGroupName_Assign1", "myGroupName_Assign1.csproj", "{3896A015-B6C8-40E8-99D1-B79983064284}"
EndProject
Global
	GlobalSection(SolutionConfigurationPlatforms) = preSolution
		Debug|Any CPU = Debug|Any CPU
		Release|Any CPU = Release|Any CPU
	EndGlobalSection
	GlobalSection(ProjectConfigurationPlatforms) = postSolution
		{3896A015-B6C8-40E8-99D1-B79983064284}.Debug|Any CPU.ActiveCfg = Debug|Any CPU
		{3896A015-B6C8-40E8-99D1-B79983064284}.Debug|Any CPU.Build.0 = Debug|Any CPU
		{3896A015-B6C8-40E8-99D1-B79983064284}.Release|Any CPU.ActiveCfg = Release|Any CPU
		{3896A015-B6C8-40E8-99D1-B79983064284}.Release|Any CPU.Build.0 = Release|Any CPU
	EndGlobalSection
	GlobalSection(SolutionProperties) = preSolution
		HideSolutionNode = FALSE
	EndGlobalSection
	GlobalSection(ExtensibilityGlobals) = postSolution
		SolutionGuid = {19D87211-BACE-4D94-9B7E-DD930DFF9D1D}
	EndGlobalSection
EndGlobal
